
Microsoft Visual Studio Solution File, Format Version 12.00
# Visual Studio Version 17
VisualStudioVersion = 17.13.35825.156
MinimumVisualStudioVersion = 10.0.40219.1
Project("{8BC9CEB8-8B4A-11D0-8D11-00A0C91BC942}") = "MASM", "MASM\MASM.vcxproj", "{A0DDD8A4-8CC2-4548-A4AE-A44F97483972}"
EndProject
Project("{8BC9CEB8-8B4A-11D0-8D11-00A0C91BC942}") = "ifStatement", "ifStatement\ifStatement.vcxproj", "{70D1BFCA-C9A7-4791-880E-9131B5723D3C}"
EndProject
Project("{8BC9CEB8-8B4A-11D0-8D11-00A0C91BC942}") = "HelloWorld", "HelloWorld\HelloWorld.vcxproj", "{B5C4C41A-C037-4401-B106-0FCF2EA84DD1}"
EndProject
Project("{8BC9CEB8-8B4A-11D0-8D11-00A0C91BC942}") = "ConsoleIO", "ConsoleIO\ConsoleIO.vcxproj", "{C225A5AC-D15A-4B72-8366-2EA6881BD53A}"
EndProject
Global
	GlobalSection(SolutionConfigurationPlatforms) = preSolution
		Debug|x64 = Debug|x64
		Debug|x86 = Debug|x86
		Release|x64 = Release|x64
		Release|x86 = Release|x86
	EndGlobalSection
	GlobalSection(ProjectConfigurationPlatforms) = postSolution
		{A0DDD8A4-8CC2-4548-A4AE-A44F97483972}.Debug|x64.ActiveCfg = Debug|x64
		{A0DDD8A4-8CC2-4548-A4AE-A44F97483972}.Debug|x64.Build.0 = Debug|x64
		{A0DDD8A4-8CC2-4548-A4AE-A44F97483972}.Debug|x86.ActiveCfg = Debug|Win32
		{A0DDD8A4-8CC2-4548-A4AE-A44F97483972}.Debug|x86.Build.0 = Debug|Win32
		{A0DDD8A4-8CC2-4548-A4AE-A44F97483972}.Release|x64.ActiveCfg = Release|x64
		{A0DDD8A4-8CC2-4548-A4AE-A44F97483972}.Release|x64.Build.0 = Release|x64
		{A0DDD8A4-8CC2-4548-A4AE-A44F97483972}.Release|x86.ActiveCfg = Release|Win32
		{A0DDD8A4-8CC2-4548-A4AE-A44F97483972}.Release|x86.Build.0 = Release|Win32
		{70D1BFCA-C9A7-4791-880E-9131B5723D3C}.Debug|x64.ActiveCfg = Debug|x64
		{70D1BFCA-C9A7-4791-880E-9131B5723D3C}.Debug|x64.Build.0 = Debug|x64
		{70D1BFCA-C9A7-4791-880E-9131B5723D3C}.Debug|x86.ActiveCfg = Debug|Win32
		{70D1BFCA-C9A7-4791-880E-9131B5723D3C}.Debug|x86.Build.0 = Debug|Win32
		{70D1BFCA-C9A7-4791-880E-9131B5723D3C}.Release|x64.ActiveCfg = Release|x64
		{70D1BFCA-C9A7-4791-880E-9131B5723D3C}.Release|x64.Build.0 = Release|x64
		{70D1BFCA-C9A7-4791-880E-9131B5723D3C}.Release|x86.ActiveCfg = Release|Win32
		{70D1BFCA-C9A7-4791-880E-9131B5723D3C}.Release|x86.Build.0 = Release|Win32
		{B5C4C41A-C037-4401-B106-0FCF2EA84DD1}.Debug|x64.ActiveCfg = Debug|x64
		{B5C4C41A-C037-4401-B106-0FCF2EA84DD1}.Debug|x64.Build.0 = Debug|x64
		{B5C4C41A-C037-4401-B106-0FCF2EA84DD1}.Debug|x86.ActiveCfg = Debug|Win32
		{B5C4C41A-C037-4401-B106-0FCF2EA84DD1}.Debug|x86.Build.0 = Debug|Win32
		{B5C4C41A-C037-4401-B106-0FCF2EA84DD1}.Release|x64.ActiveCfg = Release|x64
		{B5C4C41A-C037-4401-B106-0FCF2EA84DD1}.Release|x64.Build.0 = Release|x64
		{B5C4C41A-C037-4401-B106-0FCF2EA84DD1}.Release|x86.ActiveCfg = Release|Win32
		{B5C4C41A-C037-4401-B106-0FCF2EA84DD1}.Release|x86.Build.0 = Release|Win32
		{C225A5AC-D15A-4B72-8366-2EA6881BD53A}.Debug|x64.ActiveCfg = Debug|x64
		{C225A5AC-D15A-4B72-8366-2EA6881BD53A}.Debug|x64.Build.0 = Debug|x64
		{C225A5AC-D15A-4B72-8366-2EA6881BD53A}.Debug|x86.ActiveCfg = Debug|Win32
		{C225A5AC-D15A-4B72-8366-2EA6881BD53A}.Debug|x86.Build.0 = Debug|Win32
		{C225A5AC-D15A-4B72-8366-2EA6881BD53A}.Release|x64.ActiveCfg = Release|x64
		{C225A5AC-D15A-4B72-8366-2EA6881BD53A}.Release|x64.Build.0 = Release|x64
		{C225A5AC-D15A-4B72-8366-2EA6881BD53A}.Release|x86.ActiveCfg = Release|Win32
		{C225A5AC-D15A-4B72-8366-2EA6881BD53A}.Release|x86.Build.0 = Release|Win32
	EndGlobalSection
	GlobalSection(SolutionProperties) = preSolution
		HideSolutionNode = FALSE
	EndGlobalSection
	GlobalSection(ExtensibilityGlobals) = postSolution
		SolutionGuid = {0763150F-4C43-4082-B295-82545892C987}
	EndGlobalSection
EndGlobal
